// !$*UTF8*$!
{
	archiveVersion = 1;
	classes = {
	};
	objectVersion = 46;
	objects = {

/* Begin PBXBuildFile section */
		B899F8FD18DE7EC100BA7A1E /* SettingViewController.m in Sources */ = {isa = PBXBuildFile; fileRef = B899F8FB18DE7EC100BA7A1E /* SettingViewController.m */; };
		B899F8FE18DE7EC100BA7A1E /* SettingViewController.xib in Resources */ = {isa = PBXBuildFile; fileRef = B899F8FC18DE7EC100BA7A1E /* SettingViewController.xib */; };
		B899F90218DE870200BA7A1E /* ContactVCChatNow.m in Sources */ = {isa = PBXBuildFile; fileRef = B899F90018DE870200BA7A1E /* ContactVCChatNow.m */; };
		B899F90318DE870200BA7A1E /* ContactVCChatNow.xib in Resources */ = {isa = PBXBuildFile; fileRef = B899F90118DE870200BA7A1E /* ContactVCChatNow.xib */; };
		B899F90718DE961B00BA7A1E /* ContactVCInvite.m in Sources */ = {isa = PBXBuildFile; fileRef = B899F90518DE961B00BA7A1E /* ContactVCInvite.m */; };
		B899F90818DE961B00BA7A1E /* ContactVCInvite.xib in Resources */ = {isa = PBXBuildFile; fileRef = B899F90618DE961B00BA7A1E /* ContactVCInvite.xib */; };
		B899F90C18DE9E8B00BA7A1E /* ContactVCInviteFacebook.m in Sources */ = {isa = PBXBuildFile; fileRef = B899F90A18DE9E8B00BA7A1E /* ContactVCInviteFacebook.m */; };
		B899F90D18DE9E8B00BA7A1E /* ContactVCInviteFacebook.xib in Resources */ = {isa = PBXBuildFile; fileRef = B899F90B18DE9E8B00BA7A1E /* ContactVCInviteFacebook.xib */; };
		B8C96E6418DE3D9200E6BB39 /* RecentViewController.m in Sources */ = {isa = PBXBuildFile; fileRef = B8C96E6218DE3D9200E6BB39 /* RecentViewController.m */; };
		B8C96E6518DE3D9200E6BB39 /* RecentViewController.xib in Resources */ = {isa = PBXBuildFile; fileRef = B8C96E6318DE3D9200E6BB39 /* RecentViewController.xib */; };
		B8C96E6918DE3DD000E6BB39 /* ContactViewController.m in Sources */ = {isa = PBXBuildFile; fileRef = B8C96E6718DE3DD000E6BB39 /* ContactViewController.m */; };
		B8C96E6A18DE3DD000E6BB39 /* ContactViewController.xib in Resources */ = {isa = PBXBuildFile; fileRef = B8C96E6818DE3DD000E6BB39 /* ContactViewController.xib */; };
		B8C96E7318DE45D600E6BB39 /* MainViewController.m in Sources */ = {isa = PBXBuildFile; fileRef = B8C96E7118DE45D600E6BB39 /* MainViewController.m */; };
		B8C96E7418DE45D600E6BB39 /* MainViewController.xib in Resources */ = {isa = PBXBuildFile; fileRef = B8C96E7218DE45D600E6BB39 /* MainViewController.xib */; };
		B8E4FBE118DE2C2C00E11032 /* Foundation.framework in Frameworks */ = {isa = PBXBuildFile; fileRef = B8E4FBE018DE2C2C00E11032 /* Foundation.framework */; };
		B8E4FBE318DE2C2C00E11032 /* CoreGraphics.framework in Frameworks */ = {isa = PBXBuildFile; fileRef = B8E4FBE218DE2C2C00E11032 /* CoreGraphics.framework */; };
		B8E4FBE518DE2C2C00E11032 /* UIKit.framework in Frameworks */ = {isa = PBXBuildFile; fileRef = B8E4FBE418DE2C2C00E11032 /* UIKit.framework */; };
		B8E4FBEB18DE2C2C00E11032 /* InfoPlist.strings in Resources */ = {isa = PBXBuildFile; fileRef = B8E4FBE918DE2C2C00E11032 /* InfoPlist.strings */; };
		B8E4FBED18DE2C2C00E11032 /* main.m in Sources */ = {isa = PBXBuildFile; fileRef = B8E4FBEC18DE2C2C00E11032 /* main.m */; };
		B8E4FBF118DE2C2C00E11032 /* AppDelegate.m in Sources */ = {isa = PBXBuildFile; fileRef = B8E4FBF018DE2C2C00E11032 /* AppDelegate.m */; };
		B8E4FBF318DE2C2C00E11032 /* Images.xcassets in Resources */ = {isa = PBXBuildFile; fileRef = B8E4FBF218DE2C2C00E11032 /* Images.xcassets */; };
		B8E4FBFA18DE2C2C00E11032 /* XCTest.framework in Frameworks */ = {isa = PBXBuildFile; fileRef = B8E4FBF918DE2C2C00E11032 /* XCTest.framework */; };
		B8E4FBFB18DE2C2C00E11032 /* Foundation.framework in Frameworks */ = {isa = PBXBuildFile; fileRef = B8E4FBE018DE2C2C00E11032 /* Foundation.framework */; };
		B8E4FBFC18DE2C2D00E11032 /* UIKit.framework in Frameworks */ = {isa = PBXBuildFile; fileRef = B8E4FBE418DE2C2C00E11032 /* UIKit.framework */; };
		B8E4FC0418DE2C2D00E11032 /* InfoPlist.strings in Resources */ = {isa = PBXBuildFile; fileRef = B8E4FC0218DE2C2D00E11032 /* InfoPlist.strings */; };
		B8E4FC0618DE2C2D00E11032 /* VchatUIFrameworkTests.m in Sources */ = {isa = PBXBuildFile; fileRef = B8E4FC0518DE2C2D00E11032 /* VchatUIFrameworkTests.m */; };
/* End PBXBuildFile section */

/* Begin PBXContainerItemProxy section */
		B8E4FBFD18DE2C2D00E11032 /* PBXContainerItemProxy */ = {
			isa = PBXContainerItemProxy;
			containerPortal = B8E4FBD518DE2C2C00E11032 /* Project object */;
			proxyType = 1;
			remoteGlobalIDString = B8E4FBDC18DE2C2C00E11032;
			remoteInfo = VchatUIFramework;
		};
/* End PBXContainerItemProxy section */

/* Begin PBXFileReference section */
		B899F8FA18DE7EC100BA7A1E /* SettingViewController.h */ = {isa = PBXFileReference; fileEncoding = 4; lastKnownFileType = sourcecode.c.h; path = SettingViewController.h; sourceTree = "<group>"; };
		B899F8FB18DE7EC100BA7A1E /* SettingViewController.m */ = {isa = PBXFileReference; fileEncoding = 4; lastKnownFileType = sourcecode.c.objc; path = SettingViewController.m; sourceTree = "<group>"; };
		B899F8FC18DE7EC100BA7A1E /* SettingViewController.xib */ = {isa = PBXFileReference; fileEncoding = 4; lastKnownFileType = file.xib; path = SettingViewController.xib; sourceTree = "<group>"; };
		B899F8FF18DE870200BA7A1E /* ContactVCChatNow.h */ = {isa = PBXFileReference; fileEncoding = 4; lastKnownFileType = sourcecode.c.h; path = ContactVCChatNow.h; sourceTree = "<group>"; };
		B899F90018DE870200BA7A1E /* ContactVCChatNow.m */ = {isa = PBXFileReference; fileEncoding = 4; lastKnownFileType = sourcecode.c.objc; path = ContactVCChatNow.m; sourceTree = "<group>"; };
		B899F90118DE870200BA7A1E /* ContactVCChatNow.xib */ = {isa = PBXFileReference; fileEncoding = 4; lastKnownFileType = file.xib; path = ContactVCChatNow.xib; sourceTree = "<group>"; };
		B899F90418DE961B00BA7A1E /* ContactVCInvite.h */ = {isa = PBXFileReference; fileEncoding = 4; lastKnownFileType = sourcecode.c.h; path = ContactVCInvite.h; sourceTree = "<group>"; };
		B899F90518DE961B00BA7A1E /* ContactVCInvite.m */ = {isa = PBXFileReference; fileEncoding = 4; lastKnownFileType = sourcecode.c.objc; path = ContactVCInvite.m; sourceTree = "<group>"; };
		B899F90618DE961B00BA7A1E /* ContactVCInvite.xib */ = {isa = PBXFileReference; fileEncoding = 4; lastKnownFileType = file.xib; path = ContactVCInvite.xib; sourceTree = "<group>"; };
		B899F90918DE9E8B00BA7A1E /* ContactVCInviteFacebook.h */ = {isa = PBXFileReference; fileEncoding = 4; lastKnownFileType = sourcecode.c.h; path = ContactVCInviteFacebook.h; sourceTree = "<group>"; };
		B899F90A18DE9E8B00BA7A1E /* ContactVCInviteFacebook.m */ = {isa = PBXFileReference; fileEncoding = 4; lastKnownFileType = sourcecode.c.objc; path = ContactVCInviteFacebook.m; sourceTree = "<group>"; };
		B899F90B18DE9E8B00BA7A1E /* ContactVCInviteFacebook.xib */ = {isa = PBXFileReference; fileEncoding = 4; lastKnownFileType = file.xib; path = ContactVCInviteFacebook.xib; sourceTree = "<group>"; };
		B8C96E6118DE3D9200E6BB39 /* RecentViewController.h */ = {isa = PBXFileReference; fileEncoding = 4; lastKnownFileType = sourcecode.c.h; path = RecentViewController.h; sourceTree = "<group>"; };
		B8C96E6218DE3D9200E6BB39 /* RecentViewController.m */ = {isa = PBXFileReference; fileEncoding = 4; lastKnownFileType = sourcecode.c.objc; path = RecentViewController.m; sourceTree = "<group>"; };
		B8C96E6318DE3D9200E6BB39 /* RecentViewController.xib */ = {isa = PBXFileReference; fileEncoding = 4; lastKnownFileType = file.xib; path = RecentViewController.xib; sourceTree = "<group>"; };
		B8C96E6618DE3DD000E6BB39 /* ContactViewController.h */ = {isa = PBXFileReference; fileEncoding = 4; lastKnownFileType = sourcecode.c.h; path = ContactViewController.h; sourceTree = "<group>"; };
		B8C96E6718DE3DD000E6BB39 /* ContactViewController.m */ = {isa = PBXFileReference; fileEncoding = 4; lastKnownFileType = sourcecode.c.objc; path = ContactViewController.m; sourceTree = "<group>"; };
		B8C96E6818DE3DD000E6BB39 /* ContactViewController.xib */ = {isa = PBXFileReference; fileEncoding = 4; lastKnownFileType = file.xib; path = ContactViewController.xib; sourceTree = "<group>"; };
		B8C96E7018DE45D600E6BB39 /* MainViewController.h */ = {isa = PBXFileReference; fileEncoding = 4; lastKnownFileType = sourcecode.c.h; path = MainViewController.h; sourceTree = "<group>"; };
		B8C96E7118DE45D600E6BB39 /* MainViewController.m */ = {isa = PBXFileReference; fileEncoding = 4; lastKnownFileType = sourcecode.c.objc; path = MainViewController.m; sourceTree = "<group>"; };
		B8C96E7218DE45D600E6BB39 /* MainViewController.xib */ = {isa = PBXFileReference; fileEncoding = 4; lastKnownFileType = file.xib; path = MainViewController.xib; sourceTree = "<group>"; };
		B8E4FBDD18DE2C2C00E11032 /* VchatUIFramework.app */ = {isa = PBXFileReference; explicitFileType = wrapper.application; includeInIndex = 0; path = VchatUIFramework.app; sourceTree = BUILT_PRODUCTS_DIR; };
		B8E4FBE018DE2C2C00E11032 /* Foundation.framework */ = {isa = PBXFileReference; lastKnownFileType = wrapper.framework; name = Foundation.framework; path = System/Library/Frameworks/Foundation.framework; sourceTree = SDKROOT; };
		B8E4FBE218DE2C2C00E11032 /* CoreGraphics.framework */ = {isa = PBXFileReference; lastKnownFileType = wrapper.framework; name = CoreGraphics.framework; path = System/Library/Frameworks/CoreGraphics.framework; sourceTree = SDKROOT; };
		B8E4FBE418DE2C2C00E11032 /* UIKit.framework */ = {isa = PBXFileReference; lastKnownFileType = wrapper.framework; name = UIKit.framework; path = System/Library/Frameworks/UIKit.framework; sourceTree = SDKROOT; };
		B8E4FBE818DE2C2C00E11032 /* VchatUIFramework-Info.plist */ = {isa = PBXFileReference; lastKnownFileType = text.plist.xml; path = "VchatUIFramework-Info.plist"; sourceTree = "<group>"; };
		B8E4FBEA18DE2C2C00E11032 /* en */ = {isa = PBXFileReference; lastKnownFileType = text.plist.strings; name = en; path = en.lproj/InfoPlist.strings; sourceTree = "<group>"; };
		B8E4FBEC18DE2C2C00E11032 /* main.m */ = {isa = PBXFileReference; lastKnownFileType = sourcecode.c.objc; path = main.m; sourceTree = "<group>"; };
		B8E4FBEE18DE2C2C00E11032 /* VchatUIFramework-Prefix.pch */ = {isa = PBXFileReference; lastKnownFileType = sourcecode.c.h; path = "VchatUIFramework-Prefix.pch"; sourceTree = "<group>"; };
		B8E4FBEF18DE2C2C00E11032 /* AppDelegate.h */ = {isa = PBXFileReference; lastKnownFileType = sourcecode.c.h; path = AppDelegate.h; sourceTree = "<group>"; };
		B8E4FBF018DE2C2C00E11032 /* AppDelegate.m */ = {isa = PBXFileReference; lastKnownFileType = sourcecode.c.objc; path = AppDelegate.m; sourceTree = "<group>"; };
		B8E4FBF218DE2C2C00E11032 /* Images.xcassets */ = {isa = PBXFileReference; lastKnownFileType = folder.assetcatalog; path = Images.xcassets; sourceTree = "<group>"; };
		B8E4FBF818DE2C2C00E11032 /* VchatUIFrameworkTests.xctest */ = {isa = PBXFileReference; explicitFileType = wrapper.cfbundle; includeInIndex = 0; path = VchatUIFrameworkTests.xctest; sourceTree = BUILT_PRODUCTS_DIR; };
		B8E4FBF918DE2C2C00E11032 /* XCTest.framework */ = {isa = PBXFileReference; lastKnownFileType = wrapper.framework; name = XCTest.framework; path = Library/Frameworks/XCTest.framework; sourceTree = DEVELOPER_DIR; };
		B8E4FC0118DE2C2D00E11032 /* VchatUIFrameworkTests-Info.plist */ = {isa = PBXFileReference; lastKnownFileType = text.plist.xml; path = "VchatUIFrameworkTests-Info.plist"; sourceTree = "<group>"; };
		B8E4FC0318DE2C2D00E11032 /* en */ = {isa = PBXFileReference; lastKnownFileType = text.plist.strings; name = en; path = en.lproj/InfoPlist.strings; sourceTree = "<group>"; };
		B8E4FC0518DE2C2D00E11032 /* VchatUIFrameworkTests.m */ = {isa = PBXFileReference; lastKnownFileType = sourcecode.c.objc; path = VchatUIFrameworkTests.m; sourceTree = "<group>"; };
/* End PBXFileReference section */

/* Begin PBXFrameworksBuildPhase section */
		B8E4FBDA18DE2C2C00E11032 /* Frameworks */ = {
			isa = PBXFrameworksBuildPhase;
			buildActionMask = 2147483647;
			files = (
				B8E4FBE318DE2C2C00E11032 /* CoreGraphics.framework in Frameworks */,
				B8E4FBE518DE2C2C00E11032 /* UIKit.framework in Frameworks */,
				B8E4FBE118DE2C2C00E11032 /* Foundation.framework in Frameworks */,
			);
			runOnlyForDeploymentPostprocessing = 0;
		};
		B8E4FBF518DE2C2C00E11032 /* Frameworks */ = {
			isa = PBXFrameworksBuildPhase;
			buildActionMask = 2147483647;
			files = (
				B8E4FBFA18DE2C2C00E11032 /* XCTest.framework in Frameworks */,
				B8E4FBFC18DE2C2D00E11032 /* UIKit.framework in Frameworks */,
				B8E4FBFB18DE2C2C00E11032 /* Foundation.framework in Frameworks */,
			);
			runOnlyForDeploymentPostprocessing = 0;
		};
/* End PBXFrameworksBuildPhase section */

/* Begin PBXGroup section */
		B8E4FBD418DE2C2C00E11032 = {
			isa = PBXGroup;
			children = (
				B8C96E7018DE45D600E6BB39 /* MainViewController.h */,
				B8C96E7118DE45D600E6BB39 /* MainViewController.m */,
				B8C96E7218DE45D600E6BB39 /* MainViewController.xib */,
				B8C96E6118DE3D9200E6BB39 /* RecentViewController.h */,
				B8C96E6218DE3D9200E6BB39 /* RecentViewController.m */,
				B8C96E6318DE3D9200E6BB39 /* RecentViewController.xib */,
				B899F8FA18DE7EC100BA7A1E /* SettingViewController.h */,
				B899F8FB18DE7EC100BA7A1E /* SettingViewController.m */,
				B899F8FC18DE7EC100BA7A1E /* SettingViewController.xib */,
				B8C96E6618DE3DD000E6BB39 /* ContactViewController.h */,
				B8C96E6718DE3DD000E6BB39 /* ContactViewController.m */,
				B8C96E6818DE3DD000E6BB39 /* ContactViewController.xib */,
				B899F8FF18DE870200BA7A1E /* ContactVCChatNow.h */,
				B899F90018DE870200BA7A1E /* ContactVCChatNow.m */,
				B899F90118DE870200BA7A1E /* ContactVCChatNow.xib */,
				B899F90418DE961B00BA7A1E /* ContactVCInvite.h */,
				B899F90518DE961B00BA7A1E /* ContactVCInvite.m */,
				B899F90618DE961B00BA7A1E /* ContactVCInvite.xib */,
				B899F90918DE9E8B00BA7A1E /* ContactVCInviteFacebook.h */,
				B899F90A18DE9E8B00BA7A1E /* ContactVCInviteFacebook.m */,
				B899F90B18DE9E8B00BA7A1E /* ContactVCInviteFacebook.xib */,
				B8E4FBE618DE2C2C00E11032 /* VchatUIFramework */,
				B8E4FBFF18DE2C2D00E11032 /* VchatUIFrameworkTests */,
				B8E4FBDF18DE2C2C00E11032 /* Frameworks */,
				B8E4FBDE18DE2C2C00E11032 /* Products */,
			);
			sourceTree = "<group>";
		};
		B8E4FBDE18DE2C2C00E11032 /* Products */ = {
			isa = PBXGroup;
			children = (
				B8E4FBDD18DE2C2C00E11032 /* VchatUIFramework.app */,
				B8E4FBF818DE2C2C00E11032 /* VchatUIFrameworkTests.xctest */,
			);
			name = Products;
			sourceTree = "<group>";
		};
		B8E4FBDF18DE2C2C00E11032 /* Frameworks */ = {
			isa = PBXGroup;
			children = (
				B8E4FBE018DE2C2C00E11032 /* Foundation.framework */,
				B8E4FBE218DE2C2C00E11032 /* CoreGraphics.framework */,
				B8E4FBE418DE2C2C00E11032 /* UIKit.framework */,
				B8E4FBF918DE2C2C00E11032 /* XCTest.framework */,
			);
			name = Frameworks;
			sourceTree = "<group>";
		};
		B8E4FBE618DE2C2C00E11032 /* VchatUIFramework */ = {
			isa = PBXGroup;
			children = (
				B8E4FBEF18DE2C2C00E11032 /* AppDelegate.h */,
				B8E4FBF018DE2C2C00E11032 /* AppDelegate.m */,
				B8E4FBF218DE2C2C00E11032 /* Images.xcassets */,
				B8E4FBE718DE2C2C00E11032 /* Supporting Files */,
			);
			path = VchatUIFramework;
			sourceTree = "<group>";
		};
		B8E4FBE718DE2C2C00E11032 /* Supporting Files */ = {
			isa = PBXGroup;
			children = (
				B8E4FBE818DE2C2C00E11032 /* VchatUIFramework-Info.plist */,
				B8E4FBE918DE2C2C00E11032 /* InfoPlist.strings */,
				B8E4FBEC18DE2C2C00E11032 /* main.m */,
				B8E4FBEE18DE2C2C00E11032 /* VchatUIFramework-Prefix.pch */,
			);
			name = "Supporting Files";
			sourceTree = "<group>";
		};
		B8E4FBFF18DE2C2D00E11032 /* VchatUIFrameworkTests */ = {
			isa = PBXGroup;
			children = (
				B8E4FC0518DE2C2D00E11032 /* VchatUIFrameworkTests.m */,
				B8E4FC0018DE2C2D00E11032 /* Supporting Files */,
			);
			path = VchatUIFrameworkTests;
			sourceTree = "<group>";
		};
		B8E4FC0018DE2C2D00E11032 /* Supporting Files */ = {
			isa = PBXGroup;
			children = (
				B8E4FC0118DE2C2D00E11032 /* VchatUIFrameworkTests-Info.plist */,
				B8E4FC0218DE2C2D00E11032 /* InfoPlist.strings */,
			);
			name = "Supporting Files";
			sourceTree = "<group>";
		};
/* End PBXGroup section */

/* Begin PBXNativeTarget section */
		B8E4FBDC18DE2C2C00E11032 /* VchatUIFramework */ = {
			isa = PBXNativeTarget;
			buildConfigurationList = B8E4FC0918DE2C2D00E11032 /* Build configuration list for PBXNativeTarget "VchatUIFramework" */;
			buildPhases = (
				B8E4FBD918DE2C2C00E11032 /* Sources */,
				B8E4FBDA18DE2C2C00E11032 /* Frameworks */,
				B8E4FBDB18DE2C2C00E11032 /* Resources */,
			);
			buildRules = (
			);
			dependencies = (
			);
			name = VchatUIFramework;
			productName = VchatUIFramework;
			productReference = B8E4FBDD18DE2C2C00E11032 /* VchatUIFramework.app */;
			productType = "com.apple.product-type.application";
		};
		B8E4FBF718DE2C2C00E11032 /* VchatUIFrameworkTests */ = {
			isa = PBXNativeTarget;
			buildConfigurationList = B8E4FC0C18DE2C2D00E11032 /* Build configuration list for PBXNativeTarget "VchatUIFrameworkTests" */;
			buildPhases = (
				B8E4FBF418DE2C2C00E11032 /* Sources */,
				B8E4FBF518DE2C2C00E11032 /* Frameworks */,
				B8E4FBF618DE2C2C00E11032 /* Resources */,
			);
			buildRules = (
			);
			dependencies = (
				B8E4FBFE18DE2C2D00E11032 /* PBXTargetDependency */,
			);
			name = VchatUIFrameworkTests;
			productName = VchatUIFrameworkTests;
			productReference = B8E4FBF818DE2C2C00E11032 /* VchatUIFrameworkTests.xctest */;
			productType = "com.apple.product-type.bundle.unit-test";
		};
/* End PBXNativeTarget section */

/* Begin PBXProject section */
		B8E4FBD518DE2C2C00E11032 /* Project object */ = {
			isa = PBXProject;
			attributes = {
				LastUpgradeCheck = 0510;
				ORGANIZATIONNAME = iosbootcamp;
				TargetAttributes = {
					B8E4FBF718DE2C2C00E11032 = {
						TestTargetID = B8E4FBDC18DE2C2C00E11032;
					};
				};
			};
			buildConfigurationList = B8E4FBD818DE2C2C00E11032 /* Build configuration list for PBXProject "VchatUIFramework" */;
			compatibilityVersion = "Xcode 3.2";
			developmentRegion = English;
			hasScannedForEncodings = 0;
			knownRegions = (
				en,
			);
			mainGroup = B8E4FBD418DE2C2C00E11032;
			productRefGroup = B8E4FBDE18DE2C2C00E11032 /* Products */;
			projectDirPath = "";
			projectRoot = "";
			targets = (
				B8E4FBDC18DE2C2C00E11032 /* VchatUIFramework */,
				B8E4FBF718DE2C2C00E11032 /* VchatUIFrameworkTests */,
			);
		};
/* End PBXProject section */

/* Begin PBXResourcesBuildPhase section */
		B8E4FBDB18DE2C2C00E11032 /* Resources */ = {
			isa = PBXResourcesBuildPhase;
			buildActionMask = 2147483647;
			files = (
				B899F90818DE961B00BA7A1E /* ContactVCInvite.xib in Resources */,
				B8E4FBEB18DE2C2C00E11032 /* InfoPlist.strings in Resources */,
				B899F8FE18DE7EC100BA7A1E /* SettingViewController.xib in Resources */,
				B899F90318DE870200BA7A1E /* ContactVCChatNow.xib in Resources */,
				B8C96E7418DE45D600E6BB39 /* MainViewController.xib in Resources */,
				B8C96E6A18DE3DD000E6BB39 /* ContactViewController.xib in Resources */,
				B8C96E6518DE3D9200E6BB39 /* RecentViewController.xib in Resources */,
				B8E4FBF318DE2C2C00E11032 /* Images.xcassets in Resources */,
				B899F90D18DE9E8B00BA7A1E /* ContactVCInviteFacebook.xib in Resources */,
			);
			runOnlyForDeploymentPostprocessing = 0;
		};
		B8E4FBF618DE2C2C00E11032 /* Resources */ = {
			isa = PBXResourcesBuildPhase;
			buildActionMask = 2147483647;
			files = (
				B8E4FC0418DE2C2D00E11032 /* InfoPlist.strings in Resources */,
			);
			runOnlyForDeploymentPostprocessing = 0;
		};
/* End PBXResourcesBuildPhase section */

/* Begin PBXSourcesBuildPhase section */
		B8E4FBD918DE2C2C00E11032 /* Sources */ = {
			isa = PBXSourcesBuildPhase;
			buildActionMask = 2147483647;
			files = (
				B899F90718DE961B00BA7A1E /* ContactVCInvite.m in Sources */,
				B8C96E6918DE3DD000E6BB39 /* ContactViewController.m in Sources */,
				B8C96E7318DE45D600E6BB39 /* MainViewController.m in Sources */,
				B8E4FBF118DE2C2C00E11032 /* AppDelegate.m in Sources */,
				B8C96E6418DE3D9200E6BB39 /* RecentViewController.m in Sources */,
				B899F90218DE870200BA7A1E /* ContactVCChatNow.m in Sources */,
				B899F90C18DE9E8B00BA7A1E /* ContactVCInviteFacebook.m in Sources */,
				B8E4FBED18DE2C2C00E11032 /* main.m in Sources */,
				B899F8FD18DE7EC100BA7A1E /* SettingViewController.m in Sources */,
			);
			runOnlyForDeploymentPostprocessing = 0;
		};
		B8E4FBF418DE2C2C00E11032 /* Sources */ = {
			isa = PBXSourcesBuildPhase;
			buildActionMask = 2147483647;
			files = (
				B8E4FC0618DE2C2D00E11032 /* VchatUIFrameworkTests.m in Sources */,
			);
			runOnlyForDeploymentPostprocessing = 0;
		};
/* End PBXSourcesBuildPhase section */

/* Begin PBXTargetDependency section */
		B8E4FBFE18DE2C2D00E11032 /* PBXTargetDependency */ = {
			isa = PBXTargetDependency;
			target = B8E4FBDC18DE2C2C00E11032 /* VchatUIFramework */;
			targetProxy = B8E4FBFD18DE2C2D00E11032 /* PBXContainerItemProxy */;
		};
/* End PBXTargetDependency section */

/* Begin PBXVariantGroup section */
		B8E4FBE918DE2C2C00E11032 /* InfoPlist.strings */ = {
			isa = PBXVariantGroup;
			children = (
				B8E4FBEA18DE2C2C00E11032 /* en */,
			);
			name = InfoPlist.strings;
			sourceTree = "<group>";
		};
		B8E4FC0218DE2C2D00E11032 /* InfoPlist.strings */ = {
			isa = PBXVariantGroup;
			children = (
				B8E4FC0318DE2C2D00E11032 /* en */,
			);
			name = InfoPlist.strings;
			sourceTree = "<group>";
		};
/* End PBXVariantGroup section */

/* Begin XCBuildConfiguration section */
		B8E4FC0718DE2C2D00E11032 /* Debug */ = {
			isa = XCBuildConfiguration;
			buildSettings = {
				ALWAYS_SEARCH_USER_PATHS = NO;
				CLANG_CXX_LANGUAGE_STANDARD = "gnu++0x";
				CLANG_CXX_LIBRARY = "libc++";
				CLANG_ENABLE_MODULES = YES;
				CLANG_ENABLE_OBJC_ARC = YES;
				CLANG_WARN_BOOL_CONVERSION = YES;
				CLANG_WARN_CONSTANT_CONVERSION = YES;
				CLANG_WARN_DIRECT_OBJC_ISA_USAGE = YES_ERROR;
				CLANG_WARN_EMPTY_BODY = YES;
				CLANG_WARN_ENUM_CONVERSION = YES;
				CLANG_WARN_INT_CONVERSION = YES;
				CLANG_WARN_OBJC_ROOT_CLASS = YES_ERROR;
				CLANG_WARN__DUPLICATE_METHOD_MATCH = YES;
				"CODE_SIGN_IDENTITY[sdk=iphoneos*]" = "iPhone Developer";
				COPY_PHASE_STRIP = NO;
				GCC_C_LANGUAGE_STANDARD = gnu99;
				GCC_DYNAMIC_NO_PIC = NO;
				GCC_OPTIMIZATION_LEVEL = 0;
				GCC_PREPROCESSOR_DEFINITIONS = (
					"DEBUG=1",
					"$(inherited)",
				);
				GCC_SYMBOLS_PRIVATE_EXTERN = NO;
				GCC_WARN_64_TO_32_BIT_CONVERSION = YES;
				GCC_WARN_ABOUT_RETURN_TYPE = YES_ERROR;
				GCC_WARN_UNDECLARED_SELECTOR = YES;
				GCC_WARN_UNINITIALIZED_AUTOS = YES_AGGRESSIVE;
				GCC_WARN_UNUSED_FUNCTION = YES;
				GCC_WARN_UNUSED_VARIABLE = YES;
				IPHONEOS_DEPLOYMENT_TARGET = 7.1;
				ONLY_ACTIVE_ARCH = YES;
				SDKROOT = iphoneos;
			};
			name = Debug;
		};
		B8E4FC0818DE2C2D00E11032 /* Release */ = {
			isa = XCBuildConfiguration;
			buildSettings = {
				ALWAYS_SEARCH_USER_PATHS = NO;
				CLANG_CXX_LANGUAGE_STANDARD = "gnu++0x";
				CLANG_CXX_LIBRARY = "libc++";
				CLANG_ENABLE_MODULES = YES;
				CLANG_ENABLE_OBJC_ARC = YES;
				CLANG_WARN_BOOL_CONVERSION = YES;
				CLANG_WARN_CONSTANT_CONVERSION = YES;
				CLANG_WARN_DIRECT_OBJC_ISA_USAGE = YES_ERROR;
				CLANG_WARN_EMPTY_BODY = YES;
				CLANG_WARN_ENUM_CONVERSION = YES;
				CLANG_WARN_INT_CONVERSION = YES;
				CLANG_WARN_OBJC_ROOT_CLASS = YES_ERROR;
				CLANG_WARN__DUPLICATE_METHOD_MATCH = YES;
				"CODE_SIGN_IDENTITY[sdk=iphoneos*]" = "iPhone Developer";
				COPY_PHASE_STRIP = YES;
				ENABLE_NS_ASSERTIONS = NO;
				GCC_C_LANGUAGE_STANDARD = gnu99;
				GCC_WARN_64_TO_32_BIT_CONVERSION = YES;
				GCC_WARN_ABOUT_RETURN_TYPE = YES_ERROR;
				GCC_WARN_UNDECLARED_SELECTOR = YES;
				GCC_WARN_UNINITIALIZED_AUTOS = YES_AGGRESSIVE;
				GCC_WARN_UNUSED_FUNCTION = YES;
				GCC_WARN_UNUSED_VARIABLE = YES;
				IPHONEOS_DEPLOYMENT_TARGET = 7.1;
				SDKROOT = iphoneos;
				VALIDATE_PRODUCT = YES;
			};
			name = Release;
		};
		B8E4FC0A18DE2C2D00E11032 /* Debug */ = {
			isa = XCBuildConfiguration;
			buildSettings = {
				ASSETCATALOG_COMPILER_APPICON_NAME = AppIcon;
				ASSETCATALOG_COMPILER_LAUNCHIMAGE_NAME = LaunchImage;
				GCC_PRECOMPILE_PREFIX_HEADER = YES;
				GCC_PREFIX_HEADER = "VchatUIFramework/VchatUIFramework-Prefix.pch";
				INFOPLIST_FILE = "VchatUIFramework/VchatUIFramework-Info.plist";
				PRODUCT_NAME = "$(TARGET_NAME)";
				WRAPPER_EXTENSION = app;
			};
			name = Debug;
		};
		B8E4FC0B18DE2C2D00E11032 /* Release */ = {
			isa = XCBuildConfiguration;
			buildSettings = {
				ASSETCATALOG_COMPILER_APPICON_NAME = AppIcon;
				ASSETCATALOG_COMPILER_LAUNCHIMAGE_NAME = LaunchImage;
				GCC_PRECOMPILE_PREFIX_HEADER = YES;
				GCC_PREFIX_HEADER = "VchatUIFramework/VchatUIFramework-Prefix.pch";
				INFOPLIST_FILE = "VchatUIFramework/VchatUIFramework-Info.plist";
				PRODUCT_NAME = "$(TARGET_NAME)";
				WRAPPER_EXTENSION = app;
			};
			name = Release;
		};
		B8E4FC0D18DE2C2D00E11032 /* Debug */ = {
			isa = XCBuildConfiguration;
			buildSettings = {
				BUNDLE_LOADER = "$(BUILT_PRODUCTS_DIR)/VchatUIFramework.app/VchatUIFramework";
				FRAMEWORK_SEARCH_PATHS = (
					"$(SDKROOT)/Developer/Library/Frameworks",
					"$(inherited)",
					"$(DEVELOPER_FRAMEWORKS_DIR)",
				);
				GCC_PRECOMPILE_PREFIX_HEADER = YES;
				GCC_PREFIX_HEADER = "VchatUIFramework/VchatUIFramework-Prefix.pch";
				GCC_PREPROCESSOR_DEFINITIONS = (
					"DEBUG=1",
					"$(inherited)",
				);
				INFOPLIST_FILE = "VchatUIFrameworkTests/VchatUIFrameworkTests-Info.plist";
				PRODUCT_NAME = "$(TARGET_NAME)";
				TEST_HOST = "$(BUNDLE_LOADER)";
				WRAPPER_EXTENSION = xctest;
			};
			name = Debug;
		};
		B8E4FC0E18DE2C2D00E11032 /* Release */ = {
			isa = XCBuildConfiguration;
			buildSettings = {
				BUNDLE_LOADER = "$(BUILT_PRODUCTS_DIR)/VchatUIFramework.app/VchatUIFramework";
				FRAMEWORK_SEARCH_PATHS = (
					"$(SDKROOT)/Developer/Library/Frameworks",
					"$(inherited)",
					"$(DEVELOPER_FRAMEWORKS_DIR)",
				);
				GCC_PRECOMPILE_PREFIX_HEADER = YES;
				GCC_PREFIX_HEADER = "VchatUIFramework/VchatUIFramework-Prefix.pch";
				INFOPLIST_FILE = "VchatUIFrameworkTests/VchatUIFrameworkTests-Info.plist";
				PRODUCT_NAME = "$(TARGET_NAME)";
				TEST_HOST = "$(BUNDLE_LOADER)";
				WRAPPER_EXTENSION = xctest;
			};
			name = Release;
		};
/* End XCBuildConfiguration section */

/* Begin XCConfigurationList section */
		B8E4FBD818DE2C2C00E11032 /* Build configuration list for PBXProject "VchatUIFramework" */ = {
			isa = XCConfigurationList;
			buildConfigurations = (
				B8E4FC0718DE2C2D00E11032 /* Debug */,
				B8E4FC0818DE2C2D00E11032 /* Release */,
			);
			defaultConfigurationIsVisible = 0;
			defaultConfigurationName = Release;
		};
		B8E4FC0918DE2C2D00E11032 /* Build configuration list for PBXNativeTarget "VchatUIFramework" */ = {
			isa = XCConfigurationList;
			buildConfigurations = (
				B8E4FC0A18DE2C2D00E11032 /* Debug */,
				B8E4FC0B18DE2C2D00E11032 /* Release */,
			);
			defaultConfigurationIsVisible = 0;
			defaultConfigurationName = Release;
		};
		B8E4FC0C18DE2C2D00E11032 /* Build configuration list for PBXNativeTarget "VchatUIFrameworkTests" */ = {
			isa = XCConfigurationList;
			buildConfigurations = (
				B8E4FC0D18DE2C2D00E11032 /* Debug */,
				B8E4FC0E18DE2C2D00E11032 /* Release */,
			);
			defaultConfigurationIsVisible = 0;
			defaultConfigurationName = Release;
		};
/* End XCConfigurationList section */
	};
	rootObject = B8E4FBD518DE2C2C00E11032 /* Project object */;
}
